
Microsoft Visual Studio Solution File, Format Version 12.00
# Visual Studio Version 17
VisualStudioVersion = 17.4.33205.214
MinimumVisualStudioVersion = 10.0.40219.1
Project("{FAE04EC0-301F-11D3-BF4B-00C04F79EFBC}") = "ImagesProcessing", "ImagesProcessing\ImagesProcessing.csproj", "{B1EC4C9A-EDDD-4196-A630-BC41A8137380}"
EndProject
Global
	GlobalSection(SolutionConfigurationPlatforms) = preSolution
		Debug|Any CPU = Debug|Any CPU
		Release|Any CPU = Release|Any CPU
	EndGlobalSection
	GlobalSection(ProjectConfigurationPlatforms) = postSolution
		{B1EC4C9A-EDDD-4196-A630-BC41A8137380}.Debug|Any CPU.ActiveCfg = Debug|Any CPU
		{B1EC4C9A-EDDD-4196-A630-BC41A8137380}.Debug|Any CPU.Build.0 = Debug|Any CPU
		{B1EC4C9A-EDDD-4196-A630-BC41A8137380}.Release|Any CPU.ActiveCfg = Release|Any CPU
		{B1EC4C9A-EDDD-4196-A630-BC41A8137380}.Release|Any CPU.Build.0 = Release|Any CPU
	EndGlobalSection
	GlobalSection(SolutionProperties) = preSolution
		HideSolutionNode = FALSE
	EndGlobalSection
	GlobalSection(ExtensibilityGlobals) = postSolution
		SolutionGuid = {134FDCC9-634E-455C-B9C0-A58C29C5B32D}
	EndGlobalSection
EndGlobal
